
Microsoft Visual Studio Solution File, Format Version 12.00
# Visual Studio Version 17
VisualStudioVersion = 17.9.34701.34
MinimumVisualStudioVersion = 10.0.40219.1
Project("{9A19103F-16F7-4668-BE54-9A1E7A4F7556}") = "LimiteTransacaoPix", "LimiteTransacaoPix\LimiteTransacaoPix.csproj", "{FB38A41C-B607-4A99-B2EE-992D94740954}"
EndProject
Project("{FAE04EC0-301F-11D3-BF4B-00C04F79EFBC}") = "LimiteTransacaoPix.nUnitTests", "LimiteTransacaoPix.nUnitTests\LimiteTransacaoPix.nUnitTests.csproj", "{9249FE87-9BDA-4B5E-8FC7-04F0A25493FA}"
EndProject
Global
	GlobalSection(SolutionConfigurationPlatforms) = preSolution
		Debug|Any CPU = Debug|Any CPU
		Release|Any CPU = Release|Any CPU
	EndGlobalSection
	GlobalSection(ProjectConfigurationPlatforms) = postSolution
		{FB38A41C-B607-4A99-B2EE-992D94740954}.Debug|Any CPU.ActiveCfg = Debug|Any CPU
		{FB38A41C-B607-4A99-B2EE-992D94740954}.Debug|Any CPU.Build.0 = Debug|Any CPU
		{FB38A41C-B607-4A99-B2EE-992D94740954}.Release|Any CPU.ActiveCfg = Release|Any CPU
		{FB38A41C-B607-4A99-B2EE-992D94740954}.Release|Any CPU.Build.0 = Release|Any CPU
		{9249FE87-9BDA-4B5E-8FC7-04F0A25493FA}.Debug|Any CPU.ActiveCfg = Debug|Any CPU
		{9249FE87-9BDA-4B5E-8FC7-04F0A25493FA}.Debug|Any CPU.Build.0 = Debug|Any CPU
		{9249FE87-9BDA-4B5E-8FC7-04F0A25493FA}.Release|Any CPU.ActiveCfg = Release|Any CPU
		{9249FE87-9BDA-4B5E-8FC7-04F0A25493FA}.Release|Any CPU.Build.0 = Release|Any CPU
	EndGlobalSection
	GlobalSection(SolutionProperties) = preSolution
		HideSolutionNode = FALSE
	EndGlobalSection
	GlobalSection(ExtensibilityGlobals) = postSolution
		SolutionGuid = {45B2B69A-22CA-49A9-A316-BB27B116F0BE}
	EndGlobalSection
EndGlobal
